
Microsoft Visual Studio Solution File, Format Version 12.00
# Visual Studio Version 17
VisualStudioVersion = 17.1.32319.34
MinimumVisualStudioVersion = 10.0.40219.1
Project("{9A19103F-16F7-4668-BE54-9A1E7A4F7556}") = "Book Club", "Book Club.csproj", "{B5649206-6C45-48E4-B5C1-A2E52A03649B}"
EndProject
Global
	GlobalSection(SolutionConfigurationPlatforms) = preSolution
		Debug|Any CPU = Debug|Any CPU
		Release|Any CPU = Release|Any CPU
	EndGlobalSection
	GlobalSection(ProjectConfigurationPlatforms) = postSolution
		{B5649206-6C45-48E4-B5C1-A2E52A03649B}.Debug|Any CPU.ActiveCfg = Debug|Any CPU
		{B5649206-6C45-48E4-B5C1-A2E52A03649B}.Debug|Any CPU.Build.0 = Debug|Any CPU
		{B5649206-6C45-48E4-B5C1-A2E52A03649B}.Release|Any CPU.ActiveCfg = Release|Any CPU
		{B5649206-6C45-48E4-B5C1-A2E52A03649B}.Release|Any CPU.Build.0 = Release|Any CPU
	EndGlobalSection
	GlobalSection(SolutionProperties) = preSolution
		HideSolutionNode = FALSE
	EndGlobalSection
	GlobalSection(ExtensibilityGlobals) = postSolution
		SolutionGuid = {16F32989-A085-4EFF-8387-88AEFC8FCD8E}
	EndGlobalSection
EndGlobal
